
Microsoft Visual Studio Solution File, Format Version 12.00
# Visual Studio Version 17
VisualStudioVersion = 17.14.36518.9 d17.14
MinimumVisualStudioVersion = 10.0.40219.1
Project("{FAE04EC0-301F-11D3-BF4B-00C04F79EFBC}") = "esherembus", "esherembus\esherembus.csproj", "{F34EAA6F-733A-457C-81FB-D8EBF2D33B4B}"
EndProject
Global
	GlobalSection(SolutionConfigurationPlatforms) = preSolution
		Debug|Any CPU = Debug|Any CPU
		Release|Any CPU = Release|Any CPU
	EndGlobalSection
	GlobalSection(ProjectConfigurationPlatforms) = postSolution
		{F34EAA6F-733A-457C-81FB-D8EBF2D33B4B}.Debug|Any CPU.ActiveCfg = Debug|Any CPU
		{F34EAA6F-733A-457C-81FB-D8EBF2D33B4B}.Debug|Any CPU.Build.0 = Debug|Any CPU
		{F34EAA6F-733A-457C-81FB-D8EBF2D33B4B}.Release|Any CPU.ActiveCfg = Release|Any CPU
		{F34EAA6F-733A-457C-81FB-D8EBF2D33B4B}.Release|Any CPU.Build.0 = Release|Any CPU
	EndGlobalSection
	GlobalSection(SolutionProperties) = preSolution
		HideSolutionNode = FALSE
	EndGlobalSection
	GlobalSection(ExtensibilityGlobals) = postSolution
		SolutionGuid = {7F90EB32-6B59-4800-BA78-A609911349AF}
	EndGlobalSection
EndGlobal
